
Microsoft Visual Studio Solution File, Format Version 12.00
# Visual Studio Version 17
VisualStudioVersion = 17.1.32414.318
MinimumVisualStudioVersion = 10.0.40219.1
Project("{FAE04EC0-301F-11D3-BF4B-00C04F79EFBC}") = "lab2_WPF_app", "lab2_WPF_app.csproj", "{B8BE4D80-92FB-410C-B8B8-3F3577E45014}"
EndProject
Global
	GlobalSection(SolutionConfigurationPlatforms) = preSolution
		Debug|Any CPU = Debug|Any CPU
		Release|Any CPU = Release|Any CPU
	EndGlobalSection
	GlobalSection(ProjectConfigurationPlatforms) = postSolution
		{B8BE4D80-92FB-410C-B8B8-3F3577E45014}.Debug|Any CPU.ActiveCfg = Debug|Any CPU
		{B8BE4D80-92FB-410C-B8B8-3F3577E45014}.Debug|Any CPU.Build.0 = Debug|Any CPU
		{B8BE4D80-92FB-410C-B8B8-3F3577E45014}.Release|Any CPU.ActiveCfg = Release|Any CPU
		{B8BE4D80-92FB-410C-B8B8-3F3577E45014}.Release|Any CPU.Build.0 = Release|Any CPU
	EndGlobalSection
	GlobalSection(SolutionProperties) = preSolution
		HideSolutionNode = FALSE
	EndGlobalSection
	GlobalSection(ExtensibilityGlobals) = postSolution
		SolutionGuid = {E6FE38F0-FB77-419D-808A-C406C2D338AC}
	EndGlobalSection
EndGlobal
